
Microsoft Visual Studio Solution File, Format Version 12.00
# Visual Studio Version 17
VisualStudioVersion = 17.3.32922.545
MinimumVisualStudioVersion = 10.0.40219.1
Project("{9A19103F-16F7-4668-BE54-9A1E7A4F7556}") = "Chessmate.Api", "Chessmate.Api\Chessmate.Api.csproj", "{611CE160-E8F1-423D-9A72-DAB2C85A8548}"
	ProjectSection(ProjectDependencies) = postProject
		{5C9B883F-5D13-42A4-AEF6-9E4CEF3A6070} = {5C9B883F-5D13-42A4-AEF6-9E4CEF3A6070}
	EndProjectSection
EndProject
Project("{FAE04EC0-301F-11D3-BF4B-00C04F79EFBC}") = "Chessmate.Core", "Chessmate.Core\Chessmate.Core.csproj", "{76B4C550-B862-4042-9771-842D3D4A76B9}"
EndProject
Project("{FAE04EC0-301F-11D3-BF4B-00C04F79EFBC}") = "Chessmate.Infrastructure", "Chessmate.Infrastructure\Chessmate.Infrastructure.csproj", "{5C9B883F-5D13-42A4-AEF6-9E4CEF3A6070}"
EndProject
Global
	GlobalSection(SolutionConfigurationPlatforms) = preSolution
		Debug|Any CPU = Debug|Any CPU
		Release|Any CPU = Release|Any CPU
	EndGlobalSection
	GlobalSection(ProjectConfigurationPlatforms) = postSolution
		{611CE160-E8F1-423D-9A72-DAB2C85A8548}.Debug|Any CPU.ActiveCfg = Debug|Any CPU
		{611CE160-E8F1-423D-9A72-DAB2C85A8548}.Debug|Any CPU.Build.0 = Debug|Any CPU
		{611CE160-E8F1-423D-9A72-DAB2C85A8548}.Release|Any CPU.ActiveCfg = Release|Any CPU
		{611CE160-E8F1-423D-9A72-DAB2C85A8548}.Release|Any CPU.Build.0 = Release|Any CPU
		{76B4C550-B862-4042-9771-842D3D4A76B9}.Debug|Any CPU.ActiveCfg = Debug|Any CPU
		{76B4C550-B862-4042-9771-842D3D4A76B9}.Debug|Any CPU.Build.0 = Debug|Any CPU
		{76B4C550-B862-4042-9771-842D3D4A76B9}.Release|Any CPU.ActiveCfg = Release|Any CPU
		{76B4C550-B862-4042-9771-842D3D4A76B9}.Release|Any CPU.Build.0 = Release|Any CPU
		{5C9B883F-5D13-42A4-AEF6-9E4CEF3A6070}.Debug|Any CPU.ActiveCfg = Debug|Any CPU
		{5C9B883F-5D13-42A4-AEF6-9E4CEF3A6070}.Debug|Any CPU.Build.0 = Debug|Any CPU
		{5C9B883F-5D13-42A4-AEF6-9E4CEF3A6070}.Release|Any CPU.ActiveCfg = Release|Any CPU
		{5C9B883F-5D13-42A4-AEF6-9E4CEF3A6070}.Release|Any CPU.Build.0 = Release|Any CPU
	EndGlobalSection
	GlobalSection(SolutionProperties) = preSolution
		HideSolutionNode = FALSE
	EndGlobalSection
	GlobalSection(ExtensibilityGlobals) = postSolution
		SolutionGuid = {66306A28-ECAF-446B-B6C2-4F928821B5DF}
	EndGlobalSection
EndGlobal
